
Microsoft Visual Studio Solution File, Format Version 12.00
# Visual Studio Version 17
VisualStudioVersion = 17.0.31903.59
MinimumVisualStudioVersion = 10.0.40219.1
Project("{FAE04EC0-301F-11D3-BF4B-00C04F79EFBC}") = "GHMS.Server", "GHMS.Server\GHMS.Server.csproj", "{A990E513-2423-430F-8A0F-8704D09C00BC}"
EndProject
Project("{FAE04EC0-301F-11D3-BF4B-00C04F79EFBC}") = "GHMS.Shared", "GHMS.Shared\GHMS.Shared.csproj", "{D31FEBC3-E345-485D-B053-04D8B7DDCF9B}"
EndProject
Global
	GlobalSection(SolutionConfigurationPlatforms) = preSolution
		Debug|Any CPU = Debug|Any CPU
		Debug|x64 = Debug|x64
		Debug|x86 = Debug|x86
		Release|Any CPU = Release|Any CPU
		Release|x64 = Release|x64
		Release|x86 = Release|x86
	EndGlobalSection
	GlobalSection(ProjectConfigurationPlatforms) = postSolution
		{A990E513-2423-430F-8A0F-8704D09C00BC}.Debug|Any CPU.ActiveCfg = Debug|Any CPU
		{A990E513-2423-430F-8A0F-8704D09C00BC}.Debug|Any CPU.Build.0 = Debug|Any CPU
		{A990E513-2423-430F-8A0F-8704D09C00BC}.Debug|x64.ActiveCfg = Debug|Any CPU
		{A990E513-2423-430F-8A0F-8704D09C00BC}.Debug|x64.Build.0 = Debug|Any CPU
		{A990E513-2423-430F-8A0F-8704D09C00BC}.Debug|x86.ActiveCfg = Debug|Any CPU
		{A990E513-2423-430F-8A0F-8704D09C00BC}.Debug|x86.Build.0 = Debug|Any CPU
		{A990E513-2423-430F-8A0F-8704D09C00BC}.Release|Any CPU.ActiveCfg = Release|Any CPU
		{A990E513-2423-430F-8A0F-8704D09C00BC}.Release|Any CPU.Build.0 = Release|Any CPU
		{A990E513-2423-430F-8A0F-8704D09C00BC}.Release|x64.ActiveCfg = Release|Any CPU
		{A990E513-2423-430F-8A0F-8704D09C00BC}.Release|x64.Build.0 = Release|Any CPU
		{A990E513-2423-430F-8A0F-8704D09C00BC}.Release|x86.ActiveCfg = Release|Any CPU
		{A990E513-2423-430F-8A0F-8704D09C00BC}.Release|x86.Build.0 = Release|Any CPU
		{D31FEBC3-E345-485D-B053-04D8B7DDCF9B}.Debug|Any CPU.ActiveCfg = Debug|Any CPU
		{D31FEBC3-E345-485D-B053-04D8B7DDCF9B}.Debug|Any CPU.Build.0 = Debug|Any CPU
		{D31FEBC3-E345-485D-B053-04D8B7DDCF9B}.Debug|x64.ActiveCfg = Debug|Any CPU
		{D31FEBC3-E345-485D-B053-04D8B7DDCF9B}.Debug|x64.Build.0 = Debug|Any CPU
		{D31FEBC3-E345-485D-B053-04D8B7DDCF9B}.Debug|x86.ActiveCfg = Debug|Any CPU
		{D31FEBC3-E345-485D-B053-04D8B7DDCF9B}.Debug|x86.Build.0 = Debug|Any CPU
		{D31FEBC3-E345-485D-B053-04D8B7DDCF9B}.Release|Any CPU.ActiveCfg = Release|Any CPU
		{D31FEBC3-E345-485D-B053-04D8B7DDCF9B}.Release|Any CPU.Build.0 = Release|Any CPU
		{D31FEBC3-E345-485D-B053-04D8B7DDCF9B}.Release|x64.ActiveCfg = Release|Any CPU
		{D31FEBC3-E345-485D-B053-04D8B7DDCF9B}.Release|x64.Build.0 = Release|Any CPU
		{D31FEBC3-E345-485D-B053-04D8B7DDCF9B}.Release|x86.ActiveCfg = Release|Any CPU
		{D31FEBC3-E345-485D-B053-04D8B7DDCF9B}.Release|x86.Build.0 = Release|Any CPU
	EndGlobalSection
	GlobalSection(SolutionProperties) = preSolution
		HideSolutionNode = FALSE
	EndGlobalSection
EndGlobal
